
Microsoft Visual Studio Solution File, Format Version 12.00
# Visual Studio Version 16
VisualStudioVersion = 16.0.30104.148
MinimumVisualStudioVersion = 10.0.40219.1
Project("{FAE04EC0-301F-11D3-BF4B-00C04F79EFBC}") = "University", "University\University.csproj", "{C687064D-3326-409A-A722-B98C07718654}"
EndProject
Global
	GlobalSection(SolutionConfigurationPlatforms) = preSolution
		Debug|Any CPU = Debug|Any CPU
		Release|Any CPU = Release|Any CPU
	EndGlobalSection
	GlobalSection(ProjectConfigurationPlatforms) = postSolution
		{C687064D-3326-409A-A722-B98C07718654}.Debug|Any CPU.ActiveCfg = Debug|Any CPU
		{C687064D-3326-409A-A722-B98C07718654}.Debug|Any CPU.Build.0 = Debug|Any CPU
		{C687064D-3326-409A-A722-B98C07718654}.Release|Any CPU.ActiveCfg = Release|Any CPU
		{C687064D-3326-409A-A722-B98C07718654}.Release|Any CPU.Build.0 = Release|Any CPU
	EndGlobalSection
	GlobalSection(SolutionProperties) = preSolution
		HideSolutionNode = FALSE
	EndGlobalSection
	GlobalSection(ExtensibilityGlobals) = postSolution
		SolutionGuid = {DAC67100-21C1-4A90-95D8-AC7B8D950F76}
	EndGlobalSection
EndGlobal
